
Microsoft Visual Studio Solution File, Format Version 12.00
# Visual Studio Version 17
VisualStudioVersion = 17.2.32630.192
MinimumVisualStudioVersion = 10.0.40219.1
Project("{FAE04EC0-301F-11D3-BF4B-00C04F79EFBC}") = "NeuroshimaDB.Android", "NeuroshimaDB\NeuroshimaDB.Android\NeuroshimaDB.Android.csproj", "{39E5A64C-ED8D-4123-8934-03BD7C5947CD}"
EndProject
Project("{9A19103F-16F7-4668-BE54-9A1E7A4F7556}") = "NeuroshimaDB", "NeuroshimaDB\NeuroshimaDB\NeuroshimaDB.csproj", "{10194E80-A58D-4E4D-A9E3-33647D96A62D}"
EndProject
Project("{FAE04EC0-301F-11D3-BF4B-00C04F79EFBC}") = "NeuroshimaHelperTest", "NeuroshimaHelperTest\NeuroshimaHelperTest.csproj", "{37A99ACF-0BDB-44AD-AC78-E9518E5CCA5A}"
EndProject
Global
	GlobalSection(SolutionConfigurationPlatforms) = preSolution
		Debug|Any CPU = Debug|Any CPU
		Release|Any CPU = Release|Any CPU
	EndGlobalSection
	GlobalSection(ProjectConfigurationPlatforms) = postSolution
		{39E5A64C-ED8D-4123-8934-03BD7C5947CD}.Debug|Any CPU.ActiveCfg = Debug|Any CPU
		{39E5A64C-ED8D-4123-8934-03BD7C5947CD}.Debug|Any CPU.Build.0 = Debug|Any CPU
		{39E5A64C-ED8D-4123-8934-03BD7C5947CD}.Debug|Any CPU.Deploy.0 = Debug|Any CPU
		{39E5A64C-ED8D-4123-8934-03BD7C5947CD}.Release|Any CPU.ActiveCfg = Release|Any CPU
		{39E5A64C-ED8D-4123-8934-03BD7C5947CD}.Release|Any CPU.Build.0 = Release|Any CPU
		{39E5A64C-ED8D-4123-8934-03BD7C5947CD}.Release|Any CPU.Deploy.0 = Release|Any CPU
		{10194E80-A58D-4E4D-A9E3-33647D96A62D}.Debug|Any CPU.ActiveCfg = Debug|Any CPU
		{10194E80-A58D-4E4D-A9E3-33647D96A62D}.Debug|Any CPU.Build.0 = Debug|Any CPU
		{10194E80-A58D-4E4D-A9E3-33647D96A62D}.Debug|Any CPU.Deploy.0 = Debug|Any CPU
		{10194E80-A58D-4E4D-A9E3-33647D96A62D}.Release|Any CPU.ActiveCfg = Release|Any CPU
		{10194E80-A58D-4E4D-A9E3-33647D96A62D}.Release|Any CPU.Build.0 = Release|Any CPU
		{10194E80-A58D-4E4D-A9E3-33647D96A62D}.Release|Any CPU.Deploy.0 = Release|Any CPU
		{37A99ACF-0BDB-44AD-AC78-E9518E5CCA5A}.Debug|Any CPU.ActiveCfg = Debug|Any CPU
		{37A99ACF-0BDB-44AD-AC78-E9518E5CCA5A}.Debug|Any CPU.Build.0 = Debug|Any CPU
		{37A99ACF-0BDB-44AD-AC78-E9518E5CCA5A}.Release|Any CPU.ActiveCfg = Release|Any CPU
		{37A99ACF-0BDB-44AD-AC78-E9518E5CCA5A}.Release|Any CPU.Build.0 = Release|Any CPU
	EndGlobalSection
	GlobalSection(SolutionProperties) = preSolution
		HideSolutionNode = FALSE
	EndGlobalSection
	GlobalSection(ExtensibilityGlobals) = postSolution
		SolutionGuid = {72066065-6DC6-4524-9098-0FC90A74D324}
	EndGlobalSection
EndGlobal
